
Microsoft Visual Studio Solution File, Format Version 12.00
# Visual Studio Version 16
VisualStudioVersion = 16.0.31410.357
MinimumVisualStudioVersion = 10.0.40219.1
Project("{FAE04EC0-301F-11D3-BF4B-00C04F79EFBC}") = "LabRatos", "LabRatos\LabRatos.csproj", "{A1B58F13-59B5-4CA1-A0A1-CAE6E2936AE9}"
EndProject
Global
	GlobalSection(SolutionConfigurationPlatforms) = preSolution
		Debug|Any CPU = Debug|Any CPU
		Release|Any CPU = Release|Any CPU
	EndGlobalSection
	GlobalSection(ProjectConfigurationPlatforms) = postSolution
		{A1B58F13-59B5-4CA1-A0A1-CAE6E2936AE9}.Debug|Any CPU.ActiveCfg = Debug|Any CPU
		{A1B58F13-59B5-4CA1-A0A1-CAE6E2936AE9}.Debug|Any CPU.Build.0 = Debug|Any CPU
		{A1B58F13-59B5-4CA1-A0A1-CAE6E2936AE9}.Release|Any CPU.ActiveCfg = Release|Any CPU
		{A1B58F13-59B5-4CA1-A0A1-CAE6E2936AE9}.Release|Any CPU.Build.0 = Release|Any CPU
	EndGlobalSection
	GlobalSection(SolutionProperties) = preSolution
		HideSolutionNode = FALSE
	EndGlobalSection
	GlobalSection(ExtensibilityGlobals) = postSolution
		SolutionGuid = {776F59DD-A38A-407F-ACD0-E29C0291730C}
	EndGlobalSection
EndGlobal
